
Microsoft Visual Studio Solution File, Format Version 12.00
# Visual Studio Version 16
VisualStudioVersion = 16.0.31019.35
MinimumVisualStudioVersion = 10.0.40219.1
Project("{FAE04EC0-301F-11D3-BF4B-00C04F79EFBC}") = "ReferenceTypes", "ReferenceTypes\ReferenceTypes.csproj", "{9185CD71-2AF2-4DF6-9C46-05270A2DCEBA}"
EndProject
Project("{FAE04EC0-301F-11D3-BF4B-00C04F79EFBC}") = "ValueTypes", "ValueTypes\ValueTypes.csproj", "{0AF63771-D6D4-4000-B339-4A7B3E985EB6}"
EndProject
Global
	GlobalSection(SolutionConfigurationPlatforms) = preSolution
		Debug|Any CPU = Debug|Any CPU
		Release|Any CPU = Release|Any CPU
	EndGlobalSection
	GlobalSection(ProjectConfigurationPlatforms) = postSolution
		{9185CD71-2AF2-4DF6-9C46-05270A2DCEBA}.Debug|Any CPU.ActiveCfg = Debug|Any CPU
		{9185CD71-2AF2-4DF6-9C46-05270A2DCEBA}.Debug|Any CPU.Build.0 = Debug|Any CPU
		{9185CD71-2AF2-4DF6-9C46-05270A2DCEBA}.Release|Any CPU.ActiveCfg = Release|Any CPU
		{9185CD71-2AF2-4DF6-9C46-05270A2DCEBA}.Release|Any CPU.Build.0 = Release|Any CPU
		{0AF63771-D6D4-4000-B339-4A7B3E985EB6}.Debug|Any CPU.ActiveCfg = Debug|Any CPU
		{0AF63771-D6D4-4000-B339-4A7B3E985EB6}.Debug|Any CPU.Build.0 = Debug|Any CPU
		{0AF63771-D6D4-4000-B339-4A7B3E985EB6}.Release|Any CPU.ActiveCfg = Release|Any CPU
		{0AF63771-D6D4-4000-B339-4A7B3E985EB6}.Release|Any CPU.Build.0 = Release|Any CPU
	EndGlobalSection
	GlobalSection(SolutionProperties) = preSolution
		HideSolutionNode = FALSE
	EndGlobalSection
	GlobalSection(ExtensibilityGlobals) = postSolution
		SolutionGuid = {078129FB-CF72-4A07-9D65-82282AB4A13D}
	EndGlobalSection
EndGlobal
