
Microsoft Visual Studio Solution File, Format Version 12.00
# Visual Studio Version 16
VisualStudioVersion = 16.0.31019.35
MinimumVisualStudioVersion = 10.0.40219.1
Project("{FAE04EC0-301F-11D3-BF4B-00C04F79EFBC}") = "ReferenceTypes", "ReferenceTypes\ReferenceTypes.csproj", "{9185CD71-2AF2-4DF6-9C46-05270A2DCEBA}"
EndProject
Project("{FAE04EC0-301F-11D3-BF4B-00C04F79EFBC}") = "ValueTypes", "ValueTypes\ValueTypes.csproj", "{0AF63771-D6D4-4000-B339-4A7B3E985EB6}"
EndProject
Project("{FAE04EC0-301F-11D3-BF4B-00C04F79EFBC}") = "Arithmetic", "Arithmetic\Arithmetic.csproj", "{1EA35640-E9C1-4140-8B92-F6223A27633E}"
EndProject
Project("{FAE04EC0-301F-11D3-BF4B-00C04F79EFBC}") = "Comparison", "Comparison\Comparison.csproj", "{B0E5B7B2-8543-4E67-8561-E1E2EAABE204}"
EndProject
Project("{FAE04EC0-301F-11D3-BF4B-00C04F79EFBC}") = "Conditionals", "Conditionals\Conditionals.csproj", "{4504191F-29CF-48A0-AC59-3AF55EC11682}"
EndProject
Project("{FAE04EC0-301F-11D3-BF4B-00C04F79EFBC}") = "LoopExamples", "LoopExamples\LoopExamples.csproj", "{F65500C0-9BA8-4A45-8555-4771D5D03CBA}"
EndProject
Project("{FAE04EC0-301F-11D3-BF4B-00C04F79EFBC}") = "Challenges", "Challenges\Challenges.csproj", "{3EA2574A-14FD-4808-ADE0-FC1ED49F6E71}"
EndProject
Project("{FAE04EC0-301F-11D3-BF4B-00C04F79EFBC}") = "Classes", "Classes\Classes.csproj", "{A13E1613-11E7-4DA5-B367-4B8BC2D47B18}"
EndProject
Project("{FAE04EC0-301F-11D3-BF4B-00C04F79EFBC}") = "InheritanceClasses", "InheritanceClasses\InheritanceClasses.csproj", "{371D48A9-ECE6-4F86-9A9D-BDD37F9D220A}"
EndProject
Global
	GlobalSection(SolutionConfigurationPlatforms) = preSolution
		Debug|Any CPU = Debug|Any CPU
		Release|Any CPU = Release|Any CPU
	EndGlobalSection
	GlobalSection(ProjectConfigurationPlatforms) = postSolution
		{9185CD71-2AF2-4DF6-9C46-05270A2DCEBA}.Debug|Any CPU.ActiveCfg = Debug|Any CPU
		{9185CD71-2AF2-4DF6-9C46-05270A2DCEBA}.Debug|Any CPU.Build.0 = Debug|Any CPU
		{9185CD71-2AF2-4DF6-9C46-05270A2DCEBA}.Release|Any CPU.ActiveCfg = Release|Any CPU
		{9185CD71-2AF2-4DF6-9C46-05270A2DCEBA}.Release|Any CPU.Build.0 = Release|Any CPU
		{0AF63771-D6D4-4000-B339-4A7B3E985EB6}.Debug|Any CPU.ActiveCfg = Debug|Any CPU
		{0AF63771-D6D4-4000-B339-4A7B3E985EB6}.Debug|Any CPU.Build.0 = Debug|Any CPU
		{0AF63771-D6D4-4000-B339-4A7B3E985EB6}.Release|Any CPU.ActiveCfg = Release|Any CPU
		{0AF63771-D6D4-4000-B339-4A7B3E985EB6}.Release|Any CPU.Build.0 = Release|Any CPU
		{1EA35640-E9C1-4140-8B92-F6223A27633E}.Debug|Any CPU.ActiveCfg = Debug|Any CPU
		{1EA35640-E9C1-4140-8B92-F6223A27633E}.Debug|Any CPU.Build.0 = Debug|Any CPU
		{1EA35640-E9C1-4140-8B92-F6223A27633E}.Release|Any CPU.ActiveCfg = Release|Any CPU
		{1EA35640-E9C1-4140-8B92-F6223A27633E}.Release|Any CPU.Build.0 = Release|Any CPU
		{B0E5B7B2-8543-4E67-8561-E1E2EAABE204}.Debug|Any CPU.ActiveCfg = Debug|Any CPU
		{B0E5B7B2-8543-4E67-8561-E1E2EAABE204}.Debug|Any CPU.Build.0 = Debug|Any CPU
		{B0E5B7B2-8543-4E67-8561-E1E2EAABE204}.Release|Any CPU.ActiveCfg = Release|Any CPU
		{B0E5B7B2-8543-4E67-8561-E1E2EAABE204}.Release|Any CPU.Build.0 = Release|Any CPU
		{4504191F-29CF-48A0-AC59-3AF55EC11682}.Debug|Any CPU.ActiveCfg = Debug|Any CPU
		{4504191F-29CF-48A0-AC59-3AF55EC11682}.Debug|Any CPU.Build.0 = Debug|Any CPU
		{4504191F-29CF-48A0-AC59-3AF55EC11682}.Release|Any CPU.ActiveCfg = Release|Any CPU
		{4504191F-29CF-48A0-AC59-3AF55EC11682}.Release|Any CPU.Build.0 = Release|Any CPU
		{F65500C0-9BA8-4A45-8555-4771D5D03CBA}.Debug|Any CPU.ActiveCfg = Debug|Any CPU
		{F65500C0-9BA8-4A45-8555-4771D5D03CBA}.Debug|Any CPU.Build.0 = Debug|Any CPU
		{F65500C0-9BA8-4A45-8555-4771D5D03CBA}.Release|Any CPU.ActiveCfg = Release|Any CPU
		{F65500C0-9BA8-4A45-8555-4771D5D03CBA}.Release|Any CPU.Build.0 = Release|Any CPU
		{3EA2574A-14FD-4808-ADE0-FC1ED49F6E71}.Debug|Any CPU.ActiveCfg = Debug|Any CPU
		{3EA2574A-14FD-4808-ADE0-FC1ED49F6E71}.Debug|Any CPU.Build.0 = Debug|Any CPU
		{3EA2574A-14FD-4808-ADE0-FC1ED49F6E71}.Release|Any CPU.ActiveCfg = Release|Any CPU
		{3EA2574A-14FD-4808-ADE0-FC1ED49F6E71}.Release|Any CPU.Build.0 = Release|Any CPU
		{A13E1613-11E7-4DA5-B367-4B8BC2D47B18}.Debug|Any CPU.ActiveCfg = Debug|Any CPU
		{A13E1613-11E7-4DA5-B367-4B8BC2D47B18}.Debug|Any CPU.Build.0 = Debug|Any CPU
		{A13E1613-11E7-4DA5-B367-4B8BC2D47B18}.Release|Any CPU.ActiveCfg = Release|Any CPU
		{A13E1613-11E7-4DA5-B367-4B8BC2D47B18}.Release|Any CPU.Build.0 = Release|Any CPU
		{371D48A9-ECE6-4F86-9A9D-BDD37F9D220A}.Debug|Any CPU.ActiveCfg = Debug|Any CPU
		{371D48A9-ECE6-4F86-9A9D-BDD37F9D220A}.Debug|Any CPU.Build.0 = Debug|Any CPU
		{371D48A9-ECE6-4F86-9A9D-BDD37F9D220A}.Release|Any CPU.ActiveCfg = Release|Any CPU
		{371D48A9-ECE6-4F86-9A9D-BDD37F9D220A}.Release|Any CPU.Build.0 = Release|Any CPU
	EndGlobalSection
	GlobalSection(SolutionProperties) = preSolution
		HideSolutionNode = FALSE
	EndGlobalSection
	GlobalSection(ExtensibilityGlobals) = postSolution
		SolutionGuid = {078129FB-CF72-4A07-9D65-82282AB4A13D}
	EndGlobalSection
EndGlobal
